
Microsoft Visual Studio Solution File, Format Version 12.00
# Visual Studio 15
VisualStudioVersion = 15.0.26730.16
MinimumVisualStudioVersion = 10.0.40219.1
Project("{FAE04EC0-301F-11D3-BF4B-00C04F79EFBC}") = "Blog", "Blog\Blog.csproj", "{492E224E-F9EB-4CBC-B3A0-26C4EAE441B3}"
EndProject
Global
	GlobalSection(SolutionConfigurationPlatforms) = preSolution
		Debug|Any CPU = Debug|Any CPU
		Release|Any CPU = Release|Any CPU
	EndGlobalSection
	GlobalSection(ProjectConfigurationPlatforms) = postSolution
		{492E224E-F9EB-4CBC-B3A0-26C4EAE441B3}.Debug|Any CPU.ActiveCfg = Debug|Any CPU
		{492E224E-F9EB-4CBC-B3A0-26C4EAE441B3}.Debug|Any CPU.Build.0 = Debug|Any CPU
		{492E224E-F9EB-4CBC-B3A0-26C4EAE441B3}.Release|Any CPU.ActiveCfg = Release|Any CPU
		{492E224E-F9EB-4CBC-B3A0-26C4EAE441B3}.Release|Any CPU.Build.0 = Release|Any CPU
	EndGlobalSection
	GlobalSection(SolutionProperties) = preSolution
		HideSolutionNode = FALSE
	EndGlobalSection
	GlobalSection(ExtensibilityGlobals) = postSolution
		SolutionGuid = {1CB40214-A1B4-4F77-9073-C58D285CE1CE}
	EndGlobalSection
EndGlobal
